{
    "_readme": [
        "This file locks the dependencies of your project to a known state",
        "Read more about it at https://getcomposer.org/doc/01-basic-usage.md#composer-lock-the-lock-file",
        "This file is @generated automatically"
    ],
    "content-hash": "700cdd5d560a45eff165be12c43f4ae2",
    "packages": [
        {
            "name": "openid/php-openid",
            "version": "dev-master",
            "source": {
                "type": "git",
                "url": "https://github.com/openid/php-openid.git",
                "reference": "99d24177dbad21d13878ac653bbfb1ed18b66114"
            },
            "dist": {
                "type": "zip",
                "url": "https://api.github.com/repos/openid/php-openid/zipball/99d24177dbad21d13878ac653bbfb1ed18b66114",
                "reference": "99d24177dbad21d13878ac653bbfb1ed18b66114",
                "shasum": ""
            },
            "require": {
                "ext-curl": "*",
                "ext-dom": "*",
                "ext-gmp": "*",
                "php": ">=5.6"
            },
            "type": "library",
            "autoload": {
                "classmap": [
                    "Auth"
                ]
            },
            "notification-url": "https://packagist.org/downloads/",
            "include-path": [
                "."
            ],
            "license": [
                "Apache-2.0"
            ],
            "authors": [
                {
                    "name": "JanRain Inc.",
                    "homepage": "http://www.openidenabled.com"
                }
            ],
            "description": "OpenID library for PHP5",
            "homepage": "http://github.com/openid/php-openid",
            "keywords": [
                "Authentication",
                "OpenId",
                "auth",
                "yadis"
            ],
            "time": "2018-10-01T13:43:00+00:00"
        }
    ],
    "packages-dev": [],
    "aliases": [],
    "minimum-stability": "stable",
    "stability-flags": {
        "openid/php-openid": 20
    },
    "prefer-stable": false,
    "prefer-lowest": false,
    "platform": {
        "php": ">=7.2.0"
    },
    "platform-dev": []
}
